schema: '2.0'
stages:
  preprocess_data:
    cmd: python src/data/make_dataset.py data/raw/ data/interim/ data/processed/
    deps:
    - path: data/raw/
      md5: adfc68e8a91d8149ee819313f179b5c8.dir
      size: 650036
      nfiles: 6
    outs:
    - path: data/interim/
      md5: 09e102d27c1f05e3b0d13117487be8e7.dir
      size: 125313
      nfiles: 4
  add_features:
    cmd: python src/features/build_features.py data/interim/ data/processed/
    deps:
    - path: data/interim/
      md5: 09e102d27c1f05e3b0d13117487be8e7.dir
      size: 125313
      nfiles: 4
    outs:
    - path: data/processed/
      md5: 478c0a4559e016618fc4aec305ca5e58.dir
      size: 555611
      nfiles: 5
  train:
    cmd: python src/models/train_model.py data/processed/train_data.pkl data/processed/train_target.pkl
      models/
    deps:
    - path: data/processed/
      md5: 478c0a4559e016618fc4aec305ca5e58.dir
      size: 555611
      nfiles: 5
    outs:
    - path: models/
      md5: 399c137024b7c965dc714d9c31797c54.dir
      size: 1198860
      nfiles: 5
