schema: '2.0'
stages:
  preprocess_data:
    cmd: python src/data/make_dataset.py data/raw/ data/interim/ data/processed/
    deps:
    - path: data/raw/
      md5: adfc68e8a91d8149ee819313f179b5c8.dir
      size: 650036
      nfiles: 6
    outs:
    - path: data/interim/
      md5: 09e102d27c1f05e3b0d13117487be8e7.dir
      size: 125313
      nfiles: 4
  add_features:
    cmd: python src/features/build_features.py data/interim/ data/processed/
    deps:
    - path: data/interim/
      md5: 09e102d27c1f05e3b0d13117487be8e7.dir
      size: 125313
      nfiles: 4
    outs:
    - path: data/processed/
      md5: 4e461ae9ba49fc40b38bdb5ae324c7df.dir
      size: 133721
      nfiles: 4
  train:
    cmd: python src/models/train_model.py data/processed/train_data.pkl data/processed/train_target.pkl
      models/
    deps:
    - path: data/processed/
      md5: 4e461ae9ba49fc40b38bdb5ae324c7df.dir
      size: 133721
      nfiles: 4
    outs:
    - path: models/
      md5: cabcdbec1a443bb9dd1e59fec7105047.dir
      size: 1206694
      nfiles: 6
  evaluate:
    cmd: python src/models/evaluate.py models/
    deps:
    - path: models/
      md5: cabcdbec1a443bb9dd1e59fec7105047.dir
      size: 1206694
      nfiles: 6
  predict:
    cmd: python src/models/predict_model.py models/ data/processed/test_data.pkl
    deps:
    - path: models/
      md5: cabcdbec1a443bb9dd1e59fec7105047.dir
      size: 1206694
      nfiles: 6
